
Microsoft Visual Studio Solution File, Format Version 12.00
# Visual Studio Version 16
VisualStudioVersion = 16.0.32413.511
MinimumVisualStudioVersion = 10.0.40219.1
Project("{9A19103F-16F7-4668-BE54-9A1E7A4F7556}") = "HelloWorldService", "HelloWorldService\HelloWorldService.csproj", "{6185ABF5-4947-4DE3-BA93-42380A3D6B1D}"
EndProject
Project("{E24C65DC-7377-472B-9ABA-BC803B73C61A}") = "HostDevServer", "HostDevServer\", "{E8D1F16B-E11E-4888-917A-978B77DBE38B}"
	ProjectSection(WebsiteProperties) = preProject
		TargetFrameworkMoniker = ".NETFramework,Version%3Dv4.5"
		ProjectReferences = "{6185abf5-4947-4de3-ba93-42380a3d6b1d}|HelloWorldService.dll;"
		Debug.AspNetCompiler.VirtualPath = "/localhost_60732"
		Debug.AspNetCompiler.PhysicalPath = "HostDevServer\"
		Debug.AspNetCompiler.TargetPath = "PrecompiledWeb\localhost_60732\"
		Debug.AspNetCompiler.Updateable = "true"
		Debug.AspNetCompiler.ForceOverwrite = "true"
		Debug.AspNetCompiler.FixedNames = "false"
		Debug.AspNetCompiler.Debug = "True"
		Release.AspNetCompiler.VirtualPath = "/localhost_60732"
		Release.AspNetCompiler.PhysicalPath = "HostDevServer\"
		Release.AspNetCompiler.TargetPath = "PrecompiledWeb\localhost_60732\"
		Release.AspNetCompiler.Updateable = "true"
		Release.AspNetCompiler.ForceOverwrite = "true"
		Release.AspNetCompiler.FixedNames = "false"
		Release.AspNetCompiler.Debug = "False"
		VWDPort = "60732"
		SlnRelativePath = "HostDevServer\"
		DefaultWebSiteLanguage = "Visual C#"
	EndProjectSection
EndProject
Global
	GlobalSection(SolutionConfigurationPlatforms) = preSolution
		Debug|Any CPU = Debug|Any CPU
		Release|Any CPU = Release|Any CPU
	EndGlobalSection
	GlobalSection(ProjectConfigurationPlatforms) = postSolution
		{6185ABF5-4947-4DE3-BA93-42380A3D6B1D}.Debug|Any CPU.ActiveCfg = Debug|Any CPU
		{6185ABF5-4947-4DE3-BA93-42380A3D6B1D}.Debug|Any CPU.Build.0 = Debug|Any CPU
		{6185ABF5-4947-4DE3-BA93-42380A3D6B1D}.Release|Any CPU.ActiveCfg = Release|Any CPU
		{6185ABF5-4947-4DE3-BA93-42380A3D6B1D}.Release|Any CPU.Build.0 = Release|Any CPU
		{E8D1F16B-E11E-4888-917A-978B77DBE38B}.Debug|Any CPU.ActiveCfg = Debug|Any CPU
		{E8D1F16B-E11E-4888-917A-978B77DBE38B}.Debug|Any CPU.Build.0 = Debug|Any CPU
		{E8D1F16B-E11E-4888-917A-978B77DBE38B}.Release|Any CPU.ActiveCfg = Debug|Any CPU
		{E8D1F16B-E11E-4888-917A-978B77DBE38B}.Release|Any CPU.Build.0 = Debug|Any CPU
	EndGlobalSection
	GlobalSection(SolutionProperties) = preSolution
		HideSolutionNode = FALSE
	EndGlobalSection
	GlobalSection(ExtensibilityGlobals) = postSolution
		SolutionGuid = {621BD866-D2CC-40DD-9920-2C329234E8A4}
	EndGlobalSection
EndGlobal
